
Microsoft Visual Studio Solution File, Format Version 12.00
# Visual Studio Version 16
VisualStudioVersion = 16.0.30114.105
MinimumVisualStudioVersion = 10.0.40219.1
Project("{F2A71F9B-5D33-465A-A702-920D77279786}") = "PollConsModules", "PollConsTests\PollConsModules.fsproj", "{D53BF4F9-D60C-42CF-972F-69BD23230CE2}"
EndProject
Project("{F2A71F9B-5D33-465A-A702-920D77279786}") = "PollingConsumerTests", "PollingConsumerTests\PollingConsumerTests.fsproj", "{2CE3CF41-404D-4EA9-A44F-0AAC24525115}"
EndProject
Global
	GlobalSection(SolutionConfigurationPlatforms) = preSolution
		Debug|Any CPU = Debug|Any CPU
		Release|Any CPU = Release|Any CPU
	EndGlobalSection
	GlobalSection(ProjectConfigurationPlatforms) = postSolution
		{D53BF4F9-D60C-42CF-972F-69BD23230CE2}.Debug|Any CPU.ActiveCfg = Debug|Any CPU
		{D53BF4F9-D60C-42CF-972F-69BD23230CE2}.Debug|Any CPU.Build.0 = Debug|Any CPU
		{D53BF4F9-D60C-42CF-972F-69BD23230CE2}.Release|Any CPU.ActiveCfg = Release|Any CPU
		{D53BF4F9-D60C-42CF-972F-69BD23230CE2}.Release|Any CPU.Build.0 = Release|Any CPU
		{2CE3CF41-404D-4EA9-A44F-0AAC24525115}.Debug|Any CPU.ActiveCfg = Debug|Any CPU
		{2CE3CF41-404D-4EA9-A44F-0AAC24525115}.Debug|Any CPU.Build.0 = Debug|Any CPU
		{2CE3CF41-404D-4EA9-A44F-0AAC24525115}.Release|Any CPU.ActiveCfg = Release|Any CPU
		{2CE3CF41-404D-4EA9-A44F-0AAC24525115}.Release|Any CPU.Build.0 = Release|Any CPU
	EndGlobalSection
	GlobalSection(SolutionProperties) = preSolution
		HideSolutionNode = FALSE
	EndGlobalSection
	GlobalSection(ExtensibilityGlobals) = postSolution
		SolutionGuid = {4DC52290-B481-402B-BF8E-42438EEE1229}
	EndGlobalSection
EndGlobal
